
Microsoft Visual Studio Solution File, Format Version 12.00
# Visual Studio Version 16
VisualStudioVersion = 16.0.30114.105
MinimumVisualStudioVersion = 10.0.40219.1
Project("{FAE04EC0-301F-11D3-BF4B-00C04F79EFBC}") = "ProEventos.Application", "ProEventos.Application\ProEventos.Application.csproj", "{BC57628A-44B7-4229-B74E-A1BEAF9B60D0}"
EndProject
Project("{FAE04EC0-301F-11D3-BF4B-00C04F79EFBC}") = "ProEventos.Domain", "ProEventos.Domain\ProEventos.Domain.csproj", "{2FD86E1F-E84A-4F2E-9CD9-7E78D65518D5}"
EndProject
Project("{FAE04EC0-301F-11D3-BF4B-00C04F79EFBC}") = "ProEventos.Persistence", "ProEventos.Persistence\ProEventos.Persistence.csproj", "{79245F9E-1781-470E-9BC0-4BDED11F7D52}"
EndProject
Project("{FAE04EC0-301F-11D3-BF4B-00C04F79EFBC}") = "ProEventos.API", "ProEventos.API\ProEventos.API.csproj", "{61628490-2EA3-4859-9D66-FB39AD1BDBEA}"
EndProject
Global
	GlobalSection(SolutionConfigurationPlatforms) = preSolution
		Debug|Any CPU = Debug|Any CPU
		Debug|x64 = Debug|x64
		Debug|x86 = Debug|x86
		Release|Any CPU = Release|Any CPU
		Release|x64 = Release|x64
		Release|x86 = Release|x86
	EndGlobalSection
	GlobalSection(SolutionProperties) = preSolution
		HideSolutionNode = FALSE
	EndGlobalSection
	GlobalSection(ProjectConfigurationPlatforms) = postSolution
		{BC57628A-44B7-4229-B74E-A1BEAF9B60D0}.Debug|Any CPU.ActiveCfg = Debug|Any CPU
		{BC57628A-44B7-4229-B74E-A1BEAF9B60D0}.Debug|Any CPU.Build.0 = Debug|Any CPU
		{BC57628A-44B7-4229-B74E-A1BEAF9B60D0}.Debug|x64.ActiveCfg = Debug|Any CPU
		{BC57628A-44B7-4229-B74E-A1BEAF9B60D0}.Debug|x64.Build.0 = Debug|Any CPU
		{BC57628A-44B7-4229-B74E-A1BEAF9B60D0}.Debug|x86.ActiveCfg = Debug|Any CPU
		{BC57628A-44B7-4229-B74E-A1BEAF9B60D0}.Debug|x86.Build.0 = Debug|Any CPU
		{BC57628A-44B7-4229-B74E-A1BEAF9B60D0}.Release|Any CPU.ActiveCfg = Release|Any CPU
		{BC57628A-44B7-4229-B74E-A1BEAF9B60D0}.Release|Any CPU.Build.0 = Release|Any CPU
		{BC57628A-44B7-4229-B74E-A1BEAF9B60D0}.Release|x64.ActiveCfg = Release|Any CPU
		{BC57628A-44B7-4229-B74E-A1BEAF9B60D0}.Release|x64.Build.0 = Release|Any CPU
		{BC57628A-44B7-4229-B74E-A1BEAF9B60D0}.Release|x86.ActiveCfg = Release|Any CPU
		{BC57628A-44B7-4229-B74E-A1BEAF9B60D0}.Release|x86.Build.0 = Release|Any CPU
		{2FD86E1F-E84A-4F2E-9CD9-7E78D65518D5}.Debug|Any CPU.ActiveCfg = Debug|Any CPU
		{2FD86E1F-E84A-4F2E-9CD9-7E78D65518D5}.Debug|Any CPU.Build.0 = Debug|Any CPU
		{2FD86E1F-E84A-4F2E-9CD9-7E78D65518D5}.Debug|x64.ActiveCfg = Debug|Any CPU
		{2FD86E1F-E84A-4F2E-9CD9-7E78D65518D5}.Debug|x64.Build.0 = Debug|Any CPU
		{2FD86E1F-E84A-4F2E-9CD9-7E78D65518D5}.Debug|x86.ActiveCfg = Debug|Any CPU
		{2FD86E1F-E84A-4F2E-9CD9-7E78D65518D5}.Debug|x86.Build.0 = Debug|Any CPU
		{2FD86E1F-E84A-4F2E-9CD9-7E78D65518D5}.Release|Any CPU.ActiveCfg = Release|Any CPU
		{2FD86E1F-E84A-4F2E-9CD9-7E78D65518D5}.Release|Any CPU.Build.0 = Release|Any CPU
		{2FD86E1F-E84A-4F2E-9CD9-7E78D65518D5}.Release|x64.ActiveCfg = Release|Any CPU
		{2FD86E1F-E84A-4F2E-9CD9-7E78D65518D5}.Release|x64.Build.0 = Release|Any CPU
		{2FD86E1F-E84A-4F2E-9CD9-7E78D65518D5}.Release|x86.ActiveCfg = Release|Any CPU
		{2FD86E1F-E84A-4F2E-9CD9-7E78D65518D5}.Release|x86.Build.0 = Release|Any CPU
		{79245F9E-1781-470E-9BC0-4BDED11F7D52}.Debug|Any CPU.ActiveCfg = Debug|Any CPU
		{79245F9E-1781-470E-9BC0-4BDED11F7D52}.Debug|Any CPU.Build.0 = Debug|Any CPU
		{79245F9E-1781-470E-9BC0-4BDED11F7D52}.Debug|x64.ActiveCfg = Debug|Any CPU
		{79245F9E-1781-470E-9BC0-4BDED11F7D52}.Debug|x64.Build.0 = Debug|Any CPU
		{79245F9E-1781-470E-9BC0-4BDED11F7D52}.Debug|x86.ActiveCfg = Debug|Any CPU
		{79245F9E-1781-470E-9BC0-4BDED11F7D52}.Debug|x86.Build.0 = Debug|Any CPU
		{79245F9E-1781-470E-9BC0-4BDED11F7D52}.Release|Any CPU.ActiveCfg = Release|Any CPU
		{79245F9E-1781-470E-9BC0-4BDED11F7D52}.Release|Any CPU.Build.0 = Release|Any CPU
		{79245F9E-1781-470E-9BC0-4BDED11F7D52}.Release|x64.ActiveCfg = Release|Any CPU
		{79245F9E-1781-470E-9BC0-4BDED11F7D52}.Release|x64.Build.0 = Release|Any CPU
		{79245F9E-1781-470E-9BC0-4BDED11F7D52}.Release|x86.ActiveCfg = Release|Any CPU
		{79245F9E-1781-470E-9BC0-4BDED11F7D52}.Release|x86.Build.0 = Release|Any CPU
		{61628490-2EA3-4859-9D66-FB39AD1BDBEA}.Debug|Any CPU.ActiveCfg = Debug|Any CPU
		{61628490-2EA3-4859-9D66-FB39AD1BDBEA}.Debug|Any CPU.Build.0 = Debug|Any CPU
		{61628490-2EA3-4859-9D66-FB39AD1BDBEA}.Debug|x64.ActiveCfg = Debug|Any CPU
		{61628490-2EA3-4859-9D66-FB39AD1BDBEA}.Debug|x64.Build.0 = Debug|Any CPU
		{61628490-2EA3-4859-9D66-FB39AD1BDBEA}.Debug|x86.ActiveCfg = Debug|Any CPU
		{61628490-2EA3-4859-9D66-FB39AD1BDBEA}.Debug|x86.Build.0 = Debug|Any CPU
		{61628490-2EA3-4859-9D66-FB39AD1BDBEA}.Release|Any CPU.ActiveCfg = Release|Any CPU
		{61628490-2EA3-4859-9D66-FB39AD1BDBEA}.Release|Any CPU.Build.0 = Release|Any CPU
		{61628490-2EA3-4859-9D66-FB39AD1BDBEA}.Release|x64.ActiveCfg = Release|Any CPU
		{61628490-2EA3-4859-9D66-FB39AD1BDBEA}.Release|x64.Build.0 = Release|Any CPU
		{61628490-2EA3-4859-9D66-FB39AD1BDBEA}.Release|x86.ActiveCfg = Release|Any CPU
		{61628490-2EA3-4859-9D66-FB39AD1BDBEA}.Release|x86.Build.0 = Release|Any CPU
	EndGlobalSection
EndGlobal
